// !$*UTF8*$!
{
	archiveVersion = 1;
	classes = {
	};
	objectVersion = 46;
	objects = {

/* Begin PBXBuildFile section */
		E121AFDC1E73D21700577BCA /* main.m in Sources */ = {isa = PBXBuildFile; fileRef = E121AFDB1E73D21700577BCA /* main.m */; };
		E121AFDF1E73D21700577BCA /* AppDelegate.m in Sources */ = {isa = PBXBuildFile; fileRef = E121AFDE1E73D21700577BCA /* AppDelegate.m */; };
		E121AFE71E73D21700577BCA /* Assets.xcassets in Resources */ = {isa = PBXBuildFile; fileRef = E121AFE61E73D21700577BCA /* Assets.xcassets */; };
		E121AFEA1E73D21700577BCA /* LaunchScreen.storyboard in Resources */ = {isa = PBXBuildFile; fileRef = E121AFE81E73D21700577BCA /* LaunchScreen.storyboard */; };
		E121AFFE1E73D7DF00577BCA /* DXMainViewController.m in Sources */ = {isa = PBXBuildFile; fileRef = E121AFFD1E73D7DF00577BCA /* DXMainViewController.m */; };
		E121B0041E73D8BA00577BCA /* DXBaseViewController.m in Sources */ = {isa = PBXBuildFile; fileRef = E121B0031E73D8BA00577BCA /* DXBaseViewController.m */; };
		E121B0071E73DB2D00577BCA /* DXHomeViewController.m in Sources */ = {isa = PBXBuildFile; fileRef = E121B0061E73DB2D00577BCA /* DXHomeViewController.m */; };
		E121B00A1E73DB3600577BCA /* DXDiscoverViewController.m in Sources */ = {isa = PBXBuildFile; fileRef = E121B0091E73DB3600577BCA /* DXDiscoverViewController.m */; };
		E121B00D1E73DB3C00577BCA /* DXNotificationViewController.m in Sources */ = {isa = PBXBuildFile; fileRef = E121B00C1E73DB3C00577BCA /* DXNotificationViewController.m */; };
		E121B0101E73DB4200577BCA /* DXMessageViewController.m in Sources */ = {isa = PBXBuildFile; fileRef = E121B00F1E73DB4200577BCA /* DXMessageViewController.m */; };
		E121B0131E73DB4800577BCA /* DXProfileViewController.m in Sources */ = {isa = PBXBuildFile; fileRef = E121B0121E73DB4800577BCA /* DXProfileViewController.m */; };
		E121B0171E740F2300577BCA /* main.json in Resources */ = {isa = PBXBuildFile; fileRef = E121B0161E740F2300577BCA /* main.json */; };
		E2910C1D8F256BBBC42A3071 /* libPods-DXTwitter.a in Frameworks */ = {isa = PBXBuildFile; fileRef = 7B3335118B78F3EB02284810 /* libPods-DXTwitter.a */; };
/* End PBXBuildFile section */

/* Begin PBXFileReference section */
		2C7D3B08DDDB640533A91897 /* Pods-DXTwitter.debug.xcconfig */ = {isa = PBXFileReference; includeInIndex = 1; lastKnownFileType = text.xcconfig; name = "Pods-DXTwitter.debug.xcconfig"; path = "Pods/Target Support Files/Pods-DXTwitter/Pods-DXTwitter.debug.xcconfig"; sourceTree = "<group>"; };
		6DACE809D30D3CB654415DFB /* Pods-DXTwitter.release.xcconfig */ = {isa = PBXFileReference; includeInIndex = 1; lastKnownFileType = text.xcconfig; name = "Pods-DXTwitter.release.xcconfig"; path = "Pods/Target Support Files/Pods-DXTwitter/Pods-DXTwitter.release.xcconfig"; sourceTree = "<group>"; };
		7B3335118B78F3EB02284810 /* libPods-DXTwitter.a */ = {isa = PBXFileReference; explicitFileType = archive.ar; includeInIndex = 0; path = "libPods-DXTwitter.a"; sourceTree = BUILT_PRODUCTS_DIR; };
		E121AFD71E73D21700577BCA /* DXTwitter.app */ = {isa = PBXFileReference; explicitFileType = wrapper.application; includeInIndex = 0; path = DXTwitter.app; sourceTree = BUILT_PRODUCTS_DIR; };
		E121AFDB1E73D21700577BCA /* main.m */ = {isa = PBXFileReference; lastKnownFileType = sourcecode.c.objc; path = main.m; sourceTree = "<group>"; };
		E121AFDD1E73D21700577BCA /* AppDelegate.h */ = {isa = PBXFileReference; lastKnownFileType = sourcecode.c.h; name = AppDelegate.h; path = ../../AppDelegate.h; sourceTree = "<group>"; };
		E121AFDE1E73D21700577BCA /* AppDelegate.m */ = {isa = PBXFileReference; lastKnownFileType = sourcecode.c.objc; name = AppDelegate.m; path = ../../AppDelegate.m; sourceTree = "<group>"; };
		E121AFE61E73D21700577BCA /* Assets.xcassets */ = {isa = PBXFileReference; lastKnownFileType = folder.assetcatalog; path = Assets.xcassets; sourceTree = "<group>"; };
		E121AFE91E73D21700577BCA /* Base */ = {isa = PBXFileReference; lastKnownFileType = file.storyboard; name = Base; path = Base.lproj/LaunchScreen.storyboard; sourceTree = "<group>"; };
		E121AFEB1E73D21700577BCA /* Info.plist */ = {isa = PBXFileReference; lastKnownFileType = text.plist.xml; path = Info.plist; sourceTree = "<group>"; };
		E121AFFC1E73D7DF00577BCA /* DXMainViewController.h */ = {isa = PBXFileReference; fileEncoding = 4; lastKnownFileType = sourcecode.c.h; path = DXMainViewController.h; sourceTree = "<group>"; };
		E121AFFD1E73D7DF00577BCA /* DXMainViewController.m */ = {isa = PBXFileReference; fileEncoding = 4; lastKnownFileType = sourcecode.c.objc; path = DXMainViewController.m; sourceTree = "<group>"; };
		E121B0021E73D8BA00577BCA /* DXBaseViewController.h */ = {isa = PBXFileReference; fileEncoding = 4; lastKnownFileType = sourcecode.c.h; path = DXBaseViewController.h; sourceTree = "<group>"; };
		E121B0031E73D8BA00577BCA /* DXBaseViewController.m */ = {isa = PBXFileReference; fileEncoding = 4; lastKnownFileType = sourcecode.c.objc; path = DXBaseViewController.m; sourceTree = "<group>"; };
		E121B0051E73DB2D00577BCA /* DXHomeViewController.h */ = {isa = PBXFileReference; fileEncoding = 4; lastKnownFileType = sourcecode.c.h; path = DXHomeViewController.h; sourceTree = "<group>"; };
		E121B0061E73DB2D00577BCA /* DXHomeViewController.m */ = {isa = PBXFileReference; fileEncoding = 4; lastKnownFileType = sourcecode.c.objc; path = DXHomeViewController.m; sourceTree = "<group>"; };
		E121B0081E73DB3600577BCA /* DXDiscoverViewController.h */ = {isa = PBXFileReference; fileEncoding = 4; lastKnownFileType = sourcecode.c.h; path = DXDiscoverViewController.h; sourceTree = "<group>"; };
		E121B0091E73DB3600577BCA /* DXDiscoverViewController.m */ = {isa = PBXFileReference; fileEncoding = 4; lastKnownFileType = sourcecode.c.objc; path = DXDiscoverViewController.m; sourceTree = "<group>"; };
		E121B00B1E73DB3C00577BCA /* DXNotificationViewController.h */ = {isa = PBXFileReference; fileEncoding = 4; lastKnownFileType = sourcecode.c.h; path = DXNotificationViewController.h; sourceTree = "<group>"; };
		E121B00C1E73DB3C00577BCA /* DXNotificationViewController.m */ = {isa = PBXFileReference; fileEncoding = 4; lastKnownFileType = sourcecode.c.objc; path = DXNotificationViewController.m; sourceTree = "<group>"; };
		E121B00E1E73DB4200577BCA /* DXMessageViewController.h */ = {isa = PBXFileReference; fileEncoding = 4; lastKnownFileType = sourcecode.c.h; path = DXMessageViewController.h; sourceTree = "<group>"; };
		E121B00F1E73DB4200577BCA /* DXMessageViewController.m */ = {isa = PBXFileReference; fileEncoding = 4; lastKnownFileType = sourcecode.c.objc; path = DXMessageViewController.m; sourceTree = "<group>"; };
		E121B0111E73DB4800577BCA /* DXProfileViewController.h */ = {isa = PBXFileReference; fileEncoding = 4; lastKnownFileType = sourcecode.c.h; path = DXProfileViewController.h; sourceTree = "<group>"; };
		E121B0121E73DB4800577BCA /* DXProfileViewController.m */ = {isa = PBXFileReference; fileEncoding = 4; lastKnownFileType = sourcecode.c.objc; path = DXProfileViewController.m; sourceTree = "<group>"; };
		E121B0161E740F2300577BCA /* main.json */ = {isa = PBXFileReference; fileEncoding = 4; lastKnownFileType = text.json; path = main.json; sourceTree = "<group>"; };
/* End PBXFileReference section */

/* Begin PBXFrameworksBuildPhase section */
		E121AFD41E73D21700577BCA /* Frameworks */ = {
			isa = PBXFrameworksBuildPhase;
			buildActionMask = 2147483647;
			files = (
				E2910C1D8F256BBBC42A3071 /* libPods-DXTwitter.a in Frameworks */,
			);
			runOnlyForDeploymentPostprocessing = 0;
		};
/* End PBXFrameworksBuildPhase section */

/* Begin PBXGroup section */
		197D1E8BDD6489A0E79FA7B0 /* Frameworks */ = {
			isa = PBXGroup;
			children = (
				7B3335118B78F3EB02284810 /* libPods-DXTwitter.a */,
			);
			name = Frameworks;
			sourceTree = "<group>";
		};
		2472FD670561E0E41D0853D7 /* Pods */ = {
			isa = PBXGroup;
			children = (
				2C7D3B08DDDB640533A91897 /* Pods-DXTwitter.debug.xcconfig */,
				6DACE809D30D3CB654415DFB /* Pods-DXTwitter.release.xcconfig */,
			);
			name = Pods;
			sourceTree = "<group>";
		};
		E121AFCE1E73D21700577BCA = {
			isa = PBXGroup;
			children = (
				E121AFD91E73D21700577BCA /* DXTwitter */,
				E121AFD81E73D21700577BCA /* Products */,
				2472FD670561E0E41D0853D7 /* Pods */,
				197D1E8BDD6489A0E79FA7B0 /* Frameworks */,
			);
			sourceTree = "<group>";
		};
		E121AFD81E73D21700577BCA /* Products */ = {
			isa = PBXGroup;
			children = (
				E121AFD71E73D21700577BCA /* DXTwitter.app */,
			);
			name = Products;
			sourceTree = "<group>";
		};
		E121AFD91E73D21700577BCA /* DXTwitter */ = {
			isa = PBXGroup;
			children = (
				E121AFF11E73D72500577BCA /* Classes */,
				E121AFDA1E73D21700577BCA /* Supporting Files */,
			);
			path = DXTwitter;
			sourceTree = "<group>";
		};
		E121AFDA1E73D21700577BCA /* Supporting Files */ = {
			isa = PBXGroup;
			children = (
				E121AFE61E73D21700577BCA /* Assets.xcassets */,
				E121AFEB1E73D21700577BCA /* Info.plist */,
				E121AFE81E73D21700577BCA /* LaunchScreen.storyboard */,
				E121AFDB1E73D21700577BCA /* main.m */,
			);
			name = "Supporting Files";
			sourceTree = "<group>";
		};
		E121AFF11E73D72500577BCA /* Classes */ = {
			isa = PBXGroup;
			children = (
				E121AFF41E73D72500577BCA /* View */,
				E121AFF51E73D72500577BCA /* ViewModel */,
				E121AFF21E73D72500577BCA /* Model */,
				E121AFF31E73D72500577BCA /* Others */,
			);
			path = Classes;
			sourceTree = "<group>";
		};
		E121AFF21E73D72500577BCA /* Model */ = {
			isa = PBXGroup;
			children = (
			);
			path = Model;
			sourceTree = "<group>";
		};
		E121AFF31E73D72500577BCA /* Others */ = {
			isa = PBXGroup;
			children = (
				E121AFDD1E73D21700577BCA /* AppDelegate.h */,
				E121AFDE1E73D21700577BCA /* AppDelegate.m */,
			);
			path = Others;
			sourceTree = "<group>";
		};
		E121AFF41E73D72500577BCA /* View */ = {
			isa = PBXGroup;
			children = (
				E121AFF81E73D7AD00577BCA /* Main */,
				E121AFF71E73D7AD00577BCA /* Home */,
				E121AFF61E73D7AD00577BCA /* Discover */,
				E121AFFA1E73D7AD00577BCA /* Notification */,
				E121AFF91E73D7AD00577BCA /* Message */,
				E121AFFB1E73D7AD00577BCA /* Profile */,
			);
			path = View;
			sourceTree = "<group>";
		};
		E121AFF51E73D72500577BCA /* ViewModel */ = {
			isa = PBXGroup;
			children = (
			);
			path = ViewModel;
			sourceTree = "<group>";
		};
		E121AFF61E73D7AD00577BCA /* Discover */ = {
			isa = PBXGroup;
			children = (
				E121B0081E73DB3600577BCA /* DXDiscoverViewController.h */,
				E121B0091E73DB3600577BCA /* DXDiscoverViewController.m */,
			);
			path = Discover;
			sourceTree = "<group>";
		};
		E121AFF71E73D7AD00577BCA /* Home */ = {
			isa = PBXGroup;
			children = (
				E121B0051E73DB2D00577BCA /* DXHomeViewController.h */,
				E121B0061E73DB2D00577BCA /* DXHomeViewController.m */,
			);
			path = Home;
			sourceTree = "<group>";
		};
		E121AFF81E73D7AD00577BCA /* Main */ = {
			isa = PBXGroup;
			children = (
				E121B0161E740F2300577BCA /* main.json */,
				E121AFFC1E73D7DF00577BCA /* DXMainViewController.h */,
				E121AFFD1E73D7DF00577BCA /* DXMainViewController.m */,
				E121B0021E73D8BA00577BCA /* DXBaseViewController.h */,
				E121B0031E73D8BA00577BCA /* DXBaseViewController.m */,
			);
			path = Main;
			sourceTree = "<group>";
		};
		E121AFF91E73D7AD00577BCA /* Message */ = {
			isa = PBXGroup;
			children = (
				E121B00E1E73DB4200577BCA /* DXMessageViewController.h */,
				E121B00F1E73DB4200577BCA /* DXMessageViewController.m */,
			);
			path = Message;
			sourceTree = "<group>";
		};
		E121AFFA1E73D7AD00577BCA /* Notification */ = {
			isa = PBXGroup;
			children = (
				E121B00B1E73DB3C00577BCA /* DXNotificationViewController.h */,
				E121B00C1E73DB3C00577BCA /* DXNotificationViewController.m */,
			);
			path = Notification;
			sourceTree = "<group>";
		};
		E121AFFB1E73D7AD00577BCA /* Profile */ = {
			isa = PBXGroup;
			children = (
				E121B0111E73DB4800577BCA /* DXProfileViewController.h */,
				E121B0121E73DB4800577BCA /* DXProfileViewController.m */,
			);
			path = Profile;
			sourceTree = "<group>";
		};
/* End PBXGroup section */

/* Begin PBXNativeTarget section */
		E121AFD61E73D21700577BCA /* DXTwitter */ = {
			isa = PBXNativeTarget;
			buildConfigurationList = E121AFEE1E73D21700577BCA /* Build configuration list for PBXNativeTarget "DXTwitter" */;
			buildPhases = (
				1FB55766B61EF908A9B07797 /* [CP] Check Pods Manifest.lock */,
				E121AFD31E73D21700577BCA /* Sources */,
				E121AFD41E73D21700577BCA /* Frameworks */,
				E121AFD51E73D21700577BCA /* Resources */,
				B5749732BD7A23DEFA0ABB19 /* [CP] Embed Pods Frameworks */,
				4A35308FC28EDA87024C4BCD /* [CP] Copy Pods Resources */,
			);
			buildRules = (
			);
			dependencies = (
			);
			name = DXTwitter;
			productName = DXTwitter;
			productReference = E121AFD71E73D21700577BCA /* DXTwitter.app */;
			productType = "com.apple.product-type.application";
		};
/* End PBXNativeTarget section */

/* Begin PBXProject section */
		E121AFCF1E73D21700577BCA /* Project object */ = {
			isa = PBXProject;
			attributes = {
				CLASSPREFIX = DX;
				LastUpgradeCheck = 0820;
				ORGANIZATIONNAME = dx;
				TargetAttributes = {
					E121AFD61E73D21700577BCA = {
						CreatedOnToolsVersion = 8.2.1;
						DevelopmentTeam = R2MRA258V6;
						ProvisioningStyle = Automatic;
					};
				};
			};
			buildConfigurationList = E121AFD21E73D21700577BCA /* Build configuration list for PBXProject "DXTwitter" */;
			compatibilityVersion = "Xcode 3.2";
			developmentRegion = English;
			hasScannedForEncodings = 0;
			knownRegions = (
				en,
				Base,
			);
			mainGroup = E121AFCE1E73D21700577BCA;
			productRefGroup = E121AFD81E73D21700577BCA /* Products */;
			projectDirPath = "";
			projectRoot = "";
			targets = (
				E121AFD61E73D21700577BCA /* DXTwitter */,
			);
		};
/* End PBXProject section */

/* Begin PBXResourcesBuildPhase section */
		E121AFD51E73D21700577BCA /* Resources */ = {
			isa = PBXResourcesBuildPhase;
			buildActionMask = 2147483647;
			files = (
				E121AFEA1E73D21700577BCA /* LaunchScreen.storyboard in Resources */,
				E121B0171E740F2300577BCA /* main.json in Resources */,
				E121AFE71E73D21700577BCA /* Assets.xcassets in Resources */,
			);
			runOnlyForDeploymentPostprocessing = 0;
		};
/* End PBXResourcesBuildPhase section */

/* Begin PBXShellScriptBuildPhase section */
		1FB55766B61EF908A9B07797 /* [CP] Check Pods Manifest.lock */ = {
			isa = PBXShellScriptBuildPhase;
			buildActionMask = 2147483647;
			files = (
			);
			inputPaths = (
			);
			name = "[CP] Check Pods Manifest.lock";
			outputPaths = (
			);
			runOnlyForDeploymentPostprocessing = 0;
			shellPath = /bin/sh;
			shellScript = "diff \"${PODS_ROOT}/../Podfile.lock\" \"${PODS_ROOT}/Manifest.lock\" > /dev/null\nif [ $? != 0 ] ; then\n    # print error to STDERR\n    echo \"error: The sandbox is not in sync with the Podfile.lock. Run 'pod install' or update your CocoaPods installation.\" >&2\n    exit 1\nfi\n";
			showEnvVarsInLog = 0;
		};
		4A35308FC28EDA87024C4BCD /* [CP] Copy Pods Resources */ = {
			isa = PBXShellScriptBuildPhase;
			buildActionMask = 2147483647;
			files = (
			);
			inputPaths = (
			);
			name = "[CP] Copy Pods Resources";
			outputPaths = (
			);
			runOnlyForDeploymentPostprocessing = 0;
			shellPath = /bin/sh;
			shellScript = "\"${SRCROOT}/Pods/Target Support Files/Pods-DXTwitter/Pods-DXTwitter-resources.sh\"\n";
			showEnvVarsInLog = 0;
		};
		B5749732BD7A23DEFA0ABB19 /* [CP] Embed Pods Frameworks */ = {
			isa = PBXShellScriptBuildPhase;
			buildActionMask = 2147483647;
			files = (
			);
			inputPaths = (
			);
			name = "[CP] Embed Pods Frameworks";
			outputPaths = (
			);
			runOnlyForDeploymentPostprocessing = 0;
			shellPath = /bin/sh;
			shellScript = "\"${SRCROOT}/Pods/Target Support Files/Pods-DXTwitter/Pods-DXTwitter-frameworks.sh\"\n";
			showEnvVarsInLog = 0;
		};
/* End PBXShellScriptBuildPhase section */

/* Begin PBXSourcesBuildPhase section */
		E121AFD31E73D21700577BCA /* Sources */ = {
			isa = PBXSourcesBuildPhase;
			buildActionMask = 2147483647;
			files = (
				E121AFDF1E73D21700577BCA /* AppDelegate.m in Sources */,
				E121B00A1E73DB3600577BCA /* DXDiscoverViewController.m in Sources */,
				E121B00D1E73DB3C00577BCA /* DXNotificationViewController.m in Sources */,
				E121AFDC1E73D21700577BCA /* main.m in Sources */,
				E121B0101E73DB4200577BCA /* DXMessageViewController.m in Sources */,
				E121AFFE1E73D7DF00577BCA /* DXMainViewController.m in Sources */,
				E121B0071E73DB2D00577BCA /* DXHomeViewController.m in Sources */,
				E121B0131E73DB4800577BCA /* DXProfileViewController.m in Sources */,
				E121B0041E73D8BA00577BCA /* DXBaseViewController.m in Sources */,
			);
			runOnlyForDeploymentPostprocessing = 0;
		};
/* End PBXSourcesBuildPhase section */

/* Begin PBXVariantGroup section */
		E121AFE81E73D21700577BCA /* LaunchScreen.storyboard */ = {
			isa = PBXVariantGroup;
			children = (
				E121AFE91E73D21700577BCA /* Base */,
			);
			name = LaunchScreen.storyboard;
			sourceTree = "<group>";
		};
/* End PBXVariantGroup section */

/* Begin XCBuildConfiguration section */
		E121AFEC1E73D21700577BCA /* Debug */ = {
			isa = XCBuildConfiguration;
			buildSettings = {
				ALWAYS_SEARCH_USER_PATHS = NO;
				CLANG_ANALYZER_NONNULL = YES;
				CLANG_CXX_LANGUAGE_STANDARD = "gnu++0x";
				CLANG_CXX_LIBRARY = "libc++";
				CLANG_ENABLE_MODULES = YES;
				CLANG_ENABLE_OBJC_ARC = YES;
				CLANG_WARN_BOOL_CONVERSION = YES;
				CLANG_WARN_CONSTANT_CONVERSION = YES;
				CLANG_WARN_DIRECT_OBJC_ISA_USAGE = YES_ERROR;
				CLANG_WARN_DOCUMENTATION_COMMENTS = YES;
				CLANG_WARN_EMPTY_BODY = YES;
				CLANG_WARN_ENUM_CONVERSION = YES;
				CLANG_WARN_INFINITE_RECURSION = YES;
				CLANG_WARN_INT_CONVERSION = YES;
				CLANG_WARN_OBJC_ROOT_CLASS = YES_ERROR;
				CLANG_WARN_SUSPICIOUS_MOVE = YES;
				CLANG_WARN_UNREACHABLE_CODE = YES;
				CLANG_WARN__DUPLICATE_METHOD_MATCH = YES;
				"CODE_SIGN_IDENTITY[sdk=iphoneos*]" = "iPhone Developer";
				COPY_PHASE_STRIP = NO;
				DEBUG_INFORMATION_FORMAT = dwarf;
				ENABLE_STRICT_OBJC_MSGSEND = YES;
				ENABLE_TESTABILITY = YES;
				GCC_C_LANGUAGE_STANDARD = gnu99;
				GCC_DYNAMIC_NO_PIC = NO;
				GCC_NO_COMMON_BLOCKS = YES;
				GCC_OPTIMIZATION_LEVEL = 0;
				GCC_PREPROCESSOR_DEFINITIONS = (
					"DEBUG=1",
					"$(inherited)",
				);
				GCC_WARN_64_TO_32_BIT_CONVERSION = YES;
				GCC_WARN_ABOUT_RETURN_TYPE = YES_ERROR;
				GCC_WARN_UNDECLARED_SELECTOR = YES;
				GCC_WARN_UNINITIALIZED_AUTOS = YES_AGGRESSIVE;
				GCC_WARN_UNUSED_FUNCTION = YES;
				GCC_WARN_UNUSED_VARIABLE = YES;
				IPHONEOS_DEPLOYMENT_TARGET = 10.2;
				MTL_ENABLE_DEBUG_INFO = YES;
				ONLY_ACTIVE_ARCH = YES;
				SDKROOT = iphoneos;
			};
			name = Debug;
		};
		E121AFED1E73D21700577BCA /* Release */ = {
			isa = XCBuildConfiguration;
			buildSettings = {
				ALWAYS_SEARCH_USER_PATHS = NO;
				CLANG_ANALYZER_NONNULL = YES;
				CLANG_CXX_LANGUAGE_STANDARD = "gnu++0x";
				CLANG_CXX_LIBRARY = "libc++";
				CLANG_ENABLE_MODULES = YES;
				CLANG_ENABLE_OBJC_ARC = YES;
				CLANG_WARN_BOOL_CONVERSION = YES;
				CLANG_WARN_CONSTANT_CONVERSION = YES;
				CLANG_WARN_DIRECT_OBJC_ISA_USAGE = YES_ERROR;
				CLANG_WARN_DOCUMENTATION_COMMENTS = YES;
				CLANG_WARN_EMPTY_BODY = YES;
				CLANG_WARN_ENUM_CONVERSION = YES;
				CLANG_WARN_INFINITE_RECURSION = YES;
				CLANG_WARN_INT_CONVERSION = YES;
				CLANG_WARN_OBJC_ROOT_CLASS = YES_ERROR;
				CLANG_WARN_SUSPICIOUS_MOVE = YES;
				CLANG_WARN_UNREACHABLE_CODE = YES;
				CLANG_WARN__DUPLICATE_METHOD_MATCH = YES;
				"CODE_SIGN_IDENTITY[sdk=iphoneos*]" = "iPhone Developer";
				COPY_PHASE_STRIP = NO;
				DEBUG_INFORMATION_FORMAT = "dwarf-with-dsym";
				ENABLE_NS_ASSERTIONS = NO;
				ENABLE_STRICT_OBJC_MSGSEND = YES;
				GCC_C_LANGUAGE_STANDARD = gnu99;
				GCC_NO_COMMON_BLOCKS = YES;
				GCC_WARN_64_TO_32_BIT_CONVERSION = YES;
				GCC_WARN_ABOUT_RETURN_TYPE = YES_ERROR;
				GCC_WARN_UNDECLARED_SELECTOR = YES;
				GCC_WARN_UNINITIALIZED_AUTOS = YES_AGGRESSIVE;
				GCC_WARN_UNUSED_FUNCTION = YES;
				GCC_WARN_UNUSED_VARIABLE = YES;
				IPHONEOS_DEPLOYMENT_TARGET = 10.2;
				MTL_ENABLE_DEBUG_INFO = NO;
				SDKROOT = iphoneos;
				VALIDATE_PRODUCT = YES;
			};
			name = Release;
		};
		E121AFEF1E73D21700577BCA /* Debug */ = {
			isa = XCBuildConfiguration;
			baseConfigurationReference = 2C7D3B08DDDB640533A91897 /* Pods-DXTwitter.debug.xcconfig */;
			buildSettings = {
				ASSETCATALOG_COMPILER_APPICON_NAME = AppIcon;
				DEVELOPMENT_TEAM = R2MRA258V6;
				INFOPLIST_FILE = DXTwitter/Info.plist;
				LD_RUNPATH_SEARCH_PATHS = "$(inherited) @executable_path/Frameworks";
				PRODUCT_BUNDLE_IDENTIFIER = miracledebros.DXTwitter;
				PRODUCT_NAME = "$(TARGET_NAME)";
			};
			name = Debug;
		};
		E121AFF01E73D21700577BCA /* Release */ = {
			isa = XCBuildConfiguration;
			baseConfigurationReference = 6DACE809D30D3CB654415DFB /* Pods-DXTwitter.release.xcconfig */;
			buildSettings = {
				ASSETCATALOG_COMPILER_APPICON_NAME = AppIcon;
				DEVELOPMENT_TEAM = R2MRA258V6;
				INFOPLIST_FILE = DXTwitter/Info.plist;
				LD_RUNPATH_SEARCH_PATHS = "$(inherited) @executable_path/Frameworks";
				PRODUCT_BUNDLE_IDENTIFIER = miracledebros.DXTwitter;
				PRODUCT_NAME = "$(TARGET_NAME)";
			};
			name = Release;
		};
/* End XCBuildConfiguration section */

/* Begin XCConfigurationList section */
		E121AFD21E73D21700577BCA /* Build configuration list for PBXProject "DXTwitter" */ = {
			isa = XCConfigurationList;
			buildConfigurations = (
				E121AFEC1E73D21700577BCA /* Debug */,
				E121AFED1E73D21700577BCA /* Release */,
			);
			defaultConfigurationIsVisible = 0;
			defaultConfigurationName = Release;
		};
		E121AFEE1E73D21700577BCA /* Build configuration list for PBXNativeTarget "DXTwitter" */ = {
			isa = XCConfigurationList;
			buildConfigurations = (
				E121AFEF1E73D21700577BCA /* Debug */,
				E121AFF01E73D21700577BCA /* Release */,
			);
			defaultConfigurationIsVisible = 0;
			defaultConfigurationName = Release;
		};
/* End XCConfigurationList section */
	};
	rootObject = E121AFCF1E73D21700577BCA /* Project object */;
}
